
Microsoft Visual Studio Solution File, Format Version 12.00
Project("{FAE04EC0-301F-11D3-BF4B-00C04F79EFBC}") = "BE", "BE.csproj", "{1EDFFBA9-FD40-4A38-B696-AAA01269B3EB}"
EndProject
Global
	GlobalSection(SolutionConfigurationPlatforms) = preSolution
		Debug|Any CPU = Debug|Any CPU
		Release|Any CPU = Release|Any CPU
	EndGlobalSection
	GlobalSection(ProjectConfigurationPlatforms) = postSolution
		{1EDFFBA9-FD40-4A38-B696-AAA01269B3EB}.Debug|Any CPU.ActiveCfg = Debug|Any CPU
		{1EDFFBA9-FD40-4A38-B696-AAA01269B3EB}.Debug|Any CPU.Build.0 = Debug|Any CPU
		{1EDFFBA9-FD40-4A38-B696-AAA01269B3EB}.Release|Any CPU.ActiveCfg = Release|Any CPU
		{1EDFFBA9-FD40-4A38-B696-AAA01269B3EB}.Release|Any CPU.Build.0 = Release|Any CPU
	EndGlobalSection
EndGlobal
